; This file was auto-generated by drush make
core = 7.x
api = 2

; Core
projects[drupal][subdir] = "contrib"
projects[drupal][version] = "7.39"
projects[drupal][type] = "core"

; Modules
projects[webform_civicrm][subdir] = "contrib"
projects[webform_civicrm][version] = "4.12"

projects[features][subdir] = "contrib"
projects[features][version] = "2.6"

projects[strongarm][subdir] = "contrib"
projects[strongarm][version] = "2.0"

projects[ctools][subdir] = "contrib"
projects[ctools][version] = "1.9"

projects[admin_menu][subdir] = "contrib"
projects[admin_menu][version] = "3.0-rc5"

; Libraries
libraries[civicrm][destination] = "modules"
libraries[civicrm][directory_name] = "civicrm"
libraries[civicrm][download][type] = "get"
libraries[civicrm][download][url] = "http://downloads.sourceforge.net/project/civicrm/civicrm-stable/4.6.7/civicrm-4.6.7-drupal.tar.gz"
libraries[civicrm][type] = "library"

