; This file was auto-generated by drush make
core = 7.x
api = 2

; Defaults
defaults[projects][subdir] = "contrib"

; Core
projects[drupal][type] = "core"
projects[drupal][patch][0] = "https://www.drupal.org/files/issues/drupal-clean_up_temp_files-2496173-1-d7.patch"
projects[drupal][version] = "7.41"

; Modules
projects[elections][subdir] = "custom"
projects[elections][download][type] = "git"
projects[elections][download][url] = "https://github.com/nditech/elections_module.git"
projects[elections][download][branch] = "master"
projects[elections][download][revision] = "4774174"

; Themes
projects[ndi_dkan_theme][subdir] = "custom"
projects[ndi_dkan_theme][type] = "theme"
projects[ndi_dkan_theme][download][type] = "git"
projects[ndi_dkan_theme][download][url] = "git@github.com:NDItech/ndi_dkan_theme.git"
projects[ndi_dkan_theme][download][branch] = "master"
projects[ndi_dkan_theme][download][revision] = "5e5b982"

; Modules
projects[hierarchical_select][version] = "3.0-beta2"

projects[quicktabs][version] = "3.6"

projects[better_exposed_filters][version] = "3.2"

; Profiles
projects[dkan][subdir] = "."
projects[dkan][type] = "profile"
projects[dkan][download][type] = "git"
projects[dkan][download][url] = "https://github.com/nditech/dkan.git"
projects[dkan][download][branch] = "7.x-1.x"
projects[dkan][download][revision] = "1bf5dd5"


