; This file was auto-generated by drush make
core = 7.x
api = 2

; Core
projects[drupal][subdir] = "contrib"
projects[drupal][patch][0] = "https://www.drupal.org/files/issues/drupal-clean_up_temp_files-2496173-1-d7.patch"
projects[drupal][type] = "core"
projects[drupal][version] = "7.39"

; Themes
projects[CiviParty][subdir] = "contrib"
projects[CiviParty][type] = "theme"
projects[CiviParty][download][type] = "git"
projects[CiviParty][download][url] = "https://github.com/nditech/civiparty_drupal_theme.git"
projects[CiviParty][destination] = "sites/all/themes"

projects[civimp_theme][subdir] = "contrib"
projects[civimp_theme][type] = "theme"
projects[civimp_theme][directory_name] = "civimp"
projects[civimp_theme][download][type] = "git"
projects[civimp_theme][download][url] = "https://github.com/nditech/civimp_theme.git"

; Profiles
projects[ndi-pushbutton-profile][download][type] = "git"
projects[ndi-pushbutton-profile][download][url] = "git://git.koumbit.net/ndi-pushbutton-profile.git"
projects[ndi-pushbutton-profile][type] = "profile"
projects[ndi-pushbutton-profile][directory_name] = "ndi_pushbutton"

; Modules
projects[ndi-pushbutton-roles][subdir] = "custom"
projects[ndi-pushbutton-roles][download][type] = "git"
projects[ndi-pushbutton-roles][download][url] = "git://git.koumbit.net/ndi-pushbutton-roles.git"
projects[ndi-pushbutton-roles][directory_name] = "ndi_civi_admin_role"

projects[ndi-pushbutton-config][subdir] = "custom"
projects[ndi-pushbutton-config][download][type] = "git"
projects[ndi-pushbutton-config][download][url] = "git://git.koumbit.net/ndi-pushbutton-config.git"
projects[ndi-pushbutton-config][directory_name] = "ndi_civi"

projects[civicrm][download][type] = "get"
projects[civicrm][download][url] = "http://downloads.sourceforge.net/project/civicrm/civicrm-stable/4.6.8/civicrm-4.6.8-drupal.tar.gz"

projects[webform_civicrm][subdir] = "contrib"
projects[webform_civicrm][version] = "4.12"

projects[webform][subdir] = "contrib"
projects[webform][version] = "4.11"

projects[libraries][subdir] = "contrib"
projects[libraries][version] = "2.2"

projects[options_element][subdir] = "contrib"
projects[options_element][version] = "1.12"

projects[features][subdir] = "contrib"
projects[features][version] = "2.6"

projects[strongarm][subdir] = "contrib"
projects[strongarm][version] = "2.0"

projects[ctools][subdir] = "contrib"
projects[ctools][version] = "1.9"

projects[admin_menu][subdir] = "contrib"
projects[admin_menu][version] = "3.0-rc5"

projects[variable][subdir] = "contrib"
projects[variable][version] = "2.5"

projects[i18n][subdir] = "contrib"
projects[i18n][version] = "1.13"

; Libraries
libraries[ndiciviparty][download][type] = "git"
libraries[ndiciviparty][download][url] = "https://github.com/nditech/ndiciviparty.git"
libraries[ndiciviparty][destination] = "modules/civicrm/extensions"
libraries[ndiciviparty][type] = "library"

libraries[ndicivimp][download][type] = "git"
libraries[ndicivimp][download][url] = "https://github.com/nditech/ndicivimp.git"
libraries[ndicivimp][destination] = "modules/civicrm/extensions"
libraries[ndicivimp][type] = "library"

libraries[legcase][download][type] = "git"
libraries[legcase][download][url] = "https://github.com/civicrm/org.civicrm.legcase.git"
libraries[legcase][destination] = "modules/civicrm/extensions"
libraries[legcase][type] = "library"

libraries[ndipermissions][download][type] = "git"
libraries[ndipermissions][download][url] = "https://github.com/nditech/CiviLocalPermissionsExtension.git"
libraries[ndipermissions][destination] = "modules/civicrm/extensions"
libraries[ndipermissions][type] = "library"

libraries[ndimisc][download][type] = "git"
libraries[ndimisc][download][url] = "https://github.com/nditech/CiviCitizenCustomizerExtension.git"
libraries[ndimisc][destination] = "modules/civicrm/extensions"
libraries[ndimisc][type] = "library"

libraries[reporterror][download][type] = "git"
libraries[reporterror][download][url] = "https://github.com/mlutfy/ca.bidon.reporterror.git"
libraries[reporterror][destination] = "modules/civicrm/extensions"
libraries[reporterror][type] = "library"

libraries[civicrm_l10n_core][destination] = "modules"
libraries[civicrm_l10n_core][directory_name] = "civicrm/l10n"
libraries[civicrm_l10n_core][download][type] = "file"
libraries[civicrm_l10n_core][download][url] = "https://download.civicrm.org/civicrm-l10n-core/archives/civicrm-l10n-daily.tar.gz"
libraries[civicrm_l10n_core][overwrite] = "1"
libraries[civicrm_l10n_core][type] = "library"

libraries[ukrainerayons][download][type] = "git"
libraries[ukrainerayons][download][url] = "https://github.com/nditech/ukrainerayons.git"
libraries[ukrainerayons][destination] = "modules/civicrm/extensions"
libraries[ukrainerayons][type] = "library"

libraries[clickatell_sms_provider][download][type] = "git"
libraries[clickatell_sms_provider][download][url] = "https://github.com/veda-consulting/org.civicrm.sms.clickatell.git"
libraries[clickatell_sms_provider][destination] = "modules/civicrm/extensions"
libraries[clickatell_sms_provider][type] = "library"

libraries[twilio_sms][download][type] = "git"
libraries[twilio_sms][download][url] = "https://github.com/civicrm/org.civicrm.sms.twilio.git"
libraries[twilio_sms][destination] = "modules/civicrm/extensions"
libraries[twilio_sms][type] = "library"

libraries[mandrill_email][download][type] = "git"
libraries[mandrill_email][download][url] = "https://github.com/JMAConsulting/biz.jmaconsulting.mte.git"
libraries[mandrill_email][download][tag] = "v2.0"
libraries[mandrill_email][destination] = "modules/civicrm/extensions"
libraries[mandrill_email][type] = "library"

libraries[civicrm_activity_ical][download][type] = "git"
libraries[civicrm_activity_ical][download][url] = "git://git.drupal.org/project/civicrm_activity_ical.git"
libraries[civicrm_activity_ical][download][tag] = "7.x-1.1"
libraries[civicrm_activity_ical][destination] = "modules/civicrm/extensions"
libraries[civicrm_activity_ical][type] = "library"

libraries[event_calendar][download][type] = "git"
libraries[event_calendar][download][url] = "https://github.com/osseed/com.osseed.eventcalendar.git"
libraries[event_calendar][download][tag] = "1.1"
libraries[event_calendar][destination] = "modules/civicrm/extensions"
libraries[event_calendar][type] = "library"

libraries[civisualize][download][type] = "git"
libraries[civisualize][download][url] = "https://github.com/agh1/civisualize.git"
libraries[civisualize][download][branch] = "member-viz"
libraries[civisualize][destination] = "modules/civicrm/extensions"
libraries[civisualize][type] = "library"

