core: 7.x
api: 2
defaults:
  projects:
    subdir: contrib
projects:
  drupal:
    type: core
    patch:
      - 'https://www.drupal.org/files/issues/drupal-clean_up_temp_files-2496173-1-d7.patch'
    version: '7.54'
  dkan:
    subdir: .
    type: profile
    download:
      type: git
      url: 'https://github.com/nucivic/dkan.git'
      branch: 7.x-1.x
      revision: 666ed7966c9fbf8bfbd927aaa5f925138c49ac2f
