core: 7.x
api: 2
defaults:
  projects:
    subdir: contrib
projects:
  drupal:
    type: core
    patch:
      - 'https://www.drupal.org/files/issues/drupal-clean_up_temp_files-2496173-1-d7.patch'
    version: '7.50'
  eck:
    version: 2.0-rc8
  geo_file_entity:
    download:
      type: git
      url: 'https://github.com/NuCivic/geo_file_entity.git'
      branch: master
      revision: e7197d15
    patch:
      - 'https://github.com/NuCivic/geo_file_entity/commit/116fe31efdf942369ee061040cc5941e6ba36377.patch'
  uuidreference:
    version: 1.x-dev
    patch:
      238875: 'https://www.drupal.org/files/issues/uuidreference-alternative_to_module_invoke_all_implementation_for_query_alter_hook-238875-0.patch'
  elections:
    subdir: custom
    download:
      type: git
      url: 'https://github.com/nditech/elections_module.git'
      branch: master
      revision: 73b5c20ea429092a8b952d5fbcdd63802c8fed9e
  demtools_dkan_theme:
    subdir: custom
    type: theme
    directory_name: demtools_dkan
    download:
      type: git
      url: 'https://github.com/NDItech/demtools_dkan_theme.git'
      branch: 7.x-1.x
      revision: cadbe0d5272d939c9567e2f3ea6d6c15c6325372
  demtools_dkan:
    subdir: custom
    download:
      type: git
      url: 'https://github.com/NDItech/demtools_dkan.git'
      branch: master
      revision: 56a5d54843fe56429f2da7c8f4db722bf164d12c
  demtools:
    subdir: custom
    download:
      type: git
      url: 'https://github.com/NDItech/demtools.git'
      branch: master
      revision: 34dc306ac5cfee67a2011b00ec995271fa085d0f
  hierarchical_select:
    version: 3.0-beta7
  quicktabs:
    version: '3.6'
  better_exposed_filters:
    version: '3.2'
  i18n:
    version: '1.14'
  i18nviews:
    version: 3.0-alpha1
  variable:
    version: '2.5'
  uuid_features:
    download:
      url: 'http://git.drupal.org/project/uuid_features.git'
      branch: 7.x-1.x
      revision: 8f7f1c5e1
      type: git
  visualization_entity_maps:
    download:
      url: 'https://github.com/NuCivic/visualization_entity_maps.git'
      branch: master
      revision: d324462
      type: git
  dkan:
    subdir: .
    type: profile
    download:
      type: git
      url: 'https://github.com/nucivic/dkan.git'
      branch: 7.x-1.x
      revision: 7.x-1.12.5
    patch:
      - 'https://github.com/NuCivic/dkan/commit/9ce32eee738956393bb224ecbdc9aab2c361a932.patch'
      - 'https://github.com/NuCivic/dkan/commit/8d8309ed0171636008f6f14fbc63f76b044cee99.patch'
  visualization_entity:
    download:
      url: 'https://github.com/NuCivic/visualization_entity.git'
      branch: master
      revision: 586a7fd
      type: git
    patch:
      - 'https://patch-diff.githubusercontent.com/raw/NuCivic/visualization_entity/pull/40.patch'
  visualization_entity_charts:
    download:
      url: 'https://github.com/NuCivic/visualization_entity_charts.git'
      branch: master
      revision: 7c72365
      type: git
    patch:
      - 'https://github.com/NDItech/visualization_entity_charts/commit/5c26d14f88e0ead6ab966c400fb90aa295c9dea3.patch'
libraries:
  chroma:
    download:
      type: file
      url: 'https://github.com/gka/chroma.js/zipball/master'
    type: library
  numeral:
    download:
      type: file
      url: 'https://github.com/adamwdraper/Numeral-js/zipball/master'
    type: library
  recline_choropleth:
    download:
      type: git
      url: 'https://github.com/NDItech/recline.view.choroplethmap.js.git'
      branch: openstreetmap
      revision: ccac3efb7f1f31d60bdd04b720ba6b1fe2046649
    type: library
  nvd3:
    download:
      type: git
      url: 'https://github.com/novus/nvd3.git'
      revision: 7ebd54ca09061022a248bec9a050a4dec93e2b28
      branch: master
    type: library
  d3:
    download:
      type: git
      url: 'https://github.com/mbostock/d3.git'
      revision: f82dd6fb414a15bca4f9c39c7c9442295ddea416
      branch: master
    type: library
  gdocs:
    download:
      type: git
      url: 'https://github.com/okfn/recline.backend.gdocs.git'
      revision: e81bb237759353932834a38a0ec810441e0ada10
      branch: master
    type: library
  lodash_data:
    download:
      type: git
      url: 'https://github.com/NuCivic/lodash.data.git'
      revision: 0dbe0701003b8a45037ab5fada630db2dbf75d9d
      branch: master
    type: library
  reclineViewNvd3:
    download:
      type: git
      url: 'https://github.com/NDItech/recline.view.nvd3.js.git'
      revision: 7283459ef2590ae2662203e35276c9a31269430e
      branch: date-formats
    type: library
