core: 7.x
api: 2
defaults:
  projects:
    subdir: contrib
projects:
  drupal:
    type: core
    patch:
      - 'https://www.drupal.org/files/issues/drupal-clean_up_temp_files-2496173-1-d7.patch'
    version: '7.58'
  elections:
    subdir: custom
    download:
      type: git
      url: 'https://github.com/nditech/elections_module.git'
      branch: master
      revision: 73b5c20ea429092a8b952d5fbcdd63802c8fed9e
  demtools_dkan_theme:
    subdir: custom
    type: theme
    directory_name: demtools_dkan
    download:
      type: git
      url: 'https://github.com/NDItech/demtools_dkan_theme.git'
      branch: 7.x-1.x
      revision: cadbe0d5272d939c9567e2f3ea6d6c15c6325372
  demtools_dkan:
    subdir: custom
    download:
      type: git
      url: 'https://github.com/ergonlogic/demtools_dkan.git'
      branch: master
      revision: f3374b0431eaebf7046ffa535d93a4ddfab5a034
  demtools:
    subdir: custom
    download:
      type: git
      url: 'https://github.com/NDItech/demtools.git'
      branch: master
      revision: 34dc306ac5cfee67a2011b00ec995271fa085d0f
  hierarchical_select:
    version: 3.0-beta8
  quicktabs:
    version: '3.8'
  better_exposed_filters:
    version: '3.5'
  i18n:
    version: '1.24'
  i18nviews:
    version: 3.0-alpha1
  variable:
    version: '2.5'
  uuid_features:
    version: 1.0-rc1
  visualization_entity_maps:
    download:
      url: 'https://github.com/NuCivic/visualization_entity_maps.git'
      branch: master
      type: git
      revision: 6f25e885a3d765e8b586271a121b6a418449673a
  geo_file_entity:
    download:
      url: 'https://github.com/NuCivic/geo_file_entity.git'
      branch: master
      type: git
      revision: 5bf259ac1679d8a7f847053b19f8579e0d494a64
  dkan:
    subdir: .
    type: profile
    download:
      type: git
      url: 'https://github.com/nucivic/dkan.git'
      branch: 7.x-1.x
      revision: 7.x-1.13.6
    patch:
      - 'https://github.com/NuCivic/dkan/compare/7.x-1.13.2...nditech:nditech-dkan-7.x-1.13.2.patch'
  entityreference:
    version: '1.5'
  entity:
    version: '1.9'
  file_resup:
    version: '1.4'
  features:
    version: '2.10'
  views:
    version: '3.20'
libraries:
  recline_choropleth:
    download:
      url: 'https://github.com/NuCivic/recline.view.choroplethmap.js.git'
      branch: master
    type: library
