core: 7.x
api: 2
defaults:
  projects:
    subdir: contrib
projects:
  drupal:
    type: core
    patch:
      - 'https://www.drupal.org/files/issues/drupal-clean_up_temp_files-2496173-1-d7.patch'
    version: '7.56'
  civicrm:
    download:
      type: get
      url: 'https://download.civicrm.org/civicrm-4.7.27-drupal.tar.gz'
    patch:
      - 'https://issues.civicrm.org/jira/secure/attachment/43773/CRM-17662_0.patch'
      - 'https://issues.civicrm.org/jira/secure/attachment/56872/CRM-19915.patch'
      - 'https://issues.civicrm.org/jira/secure/attachment/64075/64075_silence_warnings.patch'
libraries:
  civicrm_l10n_core:
    destination: modules/contrib/civicrm
    directory_name: l10n
    download:
      type: file
      url: 'https://download.civicrm.org/civicrm-l10n-core/archives/civicrm-l10n-daily.tar.gz'
    overwrite: true
    type: library
